
Microsoft Visual Studio Solution File, Format Version 12.00
# Visual Studio Version 17
VisualStudioVersion = 17.12.35506.116 d17.12
MinimumVisualStudioVersion = 10.0.40219.1
Project("{00D1A9C2-B5F0-4AF3-8072-F6C62B433612}") = "SampleDB", "SampleDB\SampleDB.sqlproj", "{B339C9F2-C328-4F42-BC6C-2BDFD43E4415}"
EndProject
Project("{00D1A9C2-B5F0-4AF3-8072-F6C62B433612}") = "SampleDB_Test", "SampleDB_Test\SampleDB_Test.sqlproj", "{F45ED1CD-66A2-4A9B-8C30-4932E6DA6479}"
EndProject
Project("{00D1A9C2-B5F0-4AF3-8072-F6C62B433612}") = "tsqlt_base", "tsqlt_base\tsqlt_base.sqlproj", "{F8F97018-572F-451D-822D-39292F5DA32D}"
EndProject
Project("{00D1A9C2-B5F0-4AF3-8072-F6C62B433612}") = "AdventureWorks_prestaging", "AdventureWorks_prestaging\AdventureWorks_prestaging.sqlproj", "{1E96993B-8DC7-47A9-A78E-F422EA2403FD}"
EndProject
Project("{00D1A9C2-B5F0-4AF3-8072-F6C62B433612}") = "AdventureWorks", "AdventureWorks\AdventureWorks.sqlproj", "{8F3EBB39-D0F6-4CC2-9969-D7EE85E612C8}"
EndProject
Global
	GlobalSection(SolutionConfigurationPlatforms) = preSolution
		Debug|Any CPU = Debug|Any CPU
		Release|Any CPU = Release|Any CPU
	EndGlobalSection
	GlobalSection(ProjectConfigurationPlatforms) = postSolution
		{B339C9F2-C328-4F42-BC6C-2BDFD43E4415}.Debug|Any CPU.ActiveCfg = Debug|Any CPU
		{B339C9F2-C328-4F42-BC6C-2BDFD43E4415}.Debug|Any CPU.Build.0 = Debug|Any CPU
		{B339C9F2-C328-4F42-BC6C-2BDFD43E4415}.Debug|Any CPU.Deploy.0 = Debug|Any CPU
		{B339C9F2-C328-4F42-BC6C-2BDFD43E4415}.Release|Any CPU.ActiveCfg = Release|Any CPU
		{B339C9F2-C328-4F42-BC6C-2BDFD43E4415}.Release|Any CPU.Build.0 = Release|Any CPU
		{B339C9F2-C328-4F42-BC6C-2BDFD43E4415}.Release|Any CPU.Deploy.0 = Release|Any CPU
		{F45ED1CD-66A2-4A9B-8C30-4932E6DA6479}.Debug|Any CPU.ActiveCfg = Debug|Any CPU
		{F45ED1CD-66A2-4A9B-8C30-4932E6DA6479}.Debug|Any CPU.Build.0 = Debug|Any CPU
		{F45ED1CD-66A2-4A9B-8C30-4932E6DA6479}.Debug|Any CPU.Deploy.0 = Debug|Any CPU
		{F45ED1CD-66A2-4A9B-8C30-4932E6DA6479}.Release|Any CPU.ActiveCfg = Release|Any CPU
		{F45ED1CD-66A2-4A9B-8C30-4932E6DA6479}.Release|Any CPU.Build.0 = Release|Any CPU
		{F45ED1CD-66A2-4A9B-8C30-4932E6DA6479}.Release|Any CPU.Deploy.0 = Release|Any CPU
		{F8F97018-572F-451D-822D-39292F5DA32D}.Debug|Any CPU.ActiveCfg = Debug|Any CPU
		{F8F97018-572F-451D-822D-39292F5DA32D}.Debug|Any CPU.Build.0 = Debug|Any CPU
		{F8F97018-572F-451D-822D-39292F5DA32D}.Debug|Any CPU.Deploy.0 = Debug|Any CPU
		{F8F97018-572F-451D-822D-39292F5DA32D}.Release|Any CPU.ActiveCfg = Release|Any CPU
		{F8F97018-572F-451D-822D-39292F5DA32D}.Release|Any CPU.Build.0 = Release|Any CPU
		{F8F97018-572F-451D-822D-39292F5DA32D}.Release|Any CPU.Deploy.0 = Release|Any CPU
		{1E96993B-8DC7-47A9-A78E-F422EA2403FD}.Debug|Any CPU.ActiveCfg = Debug|Any CPU
		{1E96993B-8DC7-47A9-A78E-F422EA2403FD}.Debug|Any CPU.Build.0 = Debug|Any CPU
		{1E96993B-8DC7-47A9-A78E-F422EA2403FD}.Debug|Any CPU.Deploy.0 = Debug|Any CPU
		{1E96993B-8DC7-47A9-A78E-F422EA2403FD}.Release|Any CPU.ActiveCfg = Release|Any CPU
		{1E96993B-8DC7-47A9-A78E-F422EA2403FD}.Release|Any CPU.Build.0 = Release|Any CPU
		{1E96993B-8DC7-47A9-A78E-F422EA2403FD}.Release|Any CPU.Deploy.0 = Release|Any CPU
		{8F3EBB39-D0F6-4CC2-9969-D7EE85E612C8}.Debug|Any CPU.ActiveCfg = Debug|Any CPU
		{8F3EBB39-D0F6-4CC2-9969-D7EE85E612C8}.Debug|Any CPU.Build.0 = Debug|Any CPU
		{8F3EBB39-D0F6-4CC2-9969-D7EE85E612C8}.Debug|Any CPU.Deploy.0 = Debug|Any CPU
		{8F3EBB39-D0F6-4CC2-9969-D7EE85E612C8}.Release|Any CPU.ActiveCfg = Release|Any CPU
		{8F3EBB39-D0F6-4CC2-9969-D7EE85E612C8}.Release|Any CPU.Build.0 = Release|Any CPU
		{8F3EBB39-D0F6-4CC2-9969-D7EE85E612C8}.Release|Any CPU.Deploy.0 = Release|Any CPU
	EndGlobalSection
	GlobalSection(SolutionProperties) = preSolution
		HideSolutionNode = FALSE
	EndGlobalSection
	GlobalSection(ExtensibilityGlobals) = postSolution
		SolutionGuid = {1532A11C-64AD-4480-B066-7285B9BB529F}
	EndGlobalSection
EndGlobal
